
Microsoft Visual Studio Solution File, Format Version 12.00
# Visual Studio Version 17
VisualStudioVersion = 17.5.33627.172
MinimumVisualStudioVersion = 10.0.40219.1
Project("{2150E333-8FDC-42A3-9474-1A3956D46DE8}") = "Solution Items", "Solution Items", "{01ADF15A-7DF8-4833-AB52-8C61C99816C0}"
	ProjectSection(SolutionItems) = preProject
		angular.json = angular.json
		package-lock.json = package-lock.json
		package.json = package.json
		tsconfig.json = tsconfig.json
	EndProjectSection
EndProject
Project("{2150E333-8FDC-42A3-9474-1A3956D46DE8}") = "Services", "Services", "{14F2331A-936F-44F2-8C1A-F5C5C2FE6747}"
	ProjectSection(SolutionItems) = preProject
		services\core-user-data.service.ts = services\core-user-data.service.ts
		services\gcs-classes-data.service.ts = services\gcs-classes-data.service.ts
		services\gcs-classes-taken-data.service.ts = services\gcs-classes-taken-data.service.ts
		services\gcs-code-data.service.ts = services\gcs-code-data.service.ts
		services\gcs-codelists-cache.service.ts = services\gcs-codelists-cache.service.ts
		services\gcs-codelists-data.service.ts = services\gcs-codelists-data.service.ts
		services\gcs-courses-data.service.ts = services\gcs-courses-data.service.ts
		services\gcs-data.service.ts = services\gcs-data.service.ts
		services\gcs-enroll-agreement-data.service.ts = services\gcs-enroll-agreement-data.service.ts
		services\gcs-permitted-courses-data.service.ts = services\gcs-permitted-courses-data.service.ts
		services\gcs-program-data.service.ts = services\gcs-program-data.service.ts
		services\gcs-program-req-data.service.ts = services\gcs-program-req-data.service.ts
		services\gcs-programs-completed.service.ts = services\gcs-programs-completed.service.ts
		services\gcs-sch-available-data.service.ts = services\gcs-sch-available-data.service.ts
		services\gcs-sch-given-data.service.ts = services\gcs-sch-given-data.service.ts
		services\gcs-settings.service.ts = services\gcs-settings.service.ts
		services\gcs-student-data.service.ts = services\gcs-student-data.service.ts
		services\gcs-table-field-def.service.ts = services\gcs-table-field-def.service.ts
		services\gcs-table-field-defs-cache.service.ts = services\gcs-table-field-defs-cache.service.ts
		services\gcs-term-dates-data.service.ts = services\gcs-term-dates-data.service.ts
		services\mdl-user-data.service.ts = services\mdl-user-data.service.ts
	EndProjectSection
EndProject
Project("{2150E333-8FDC-42A3-9474-1A3956D46DE8}") = "interfaces", "interfaces", "{CE997948-0234-47E3-B8BA-5938140BA39A}"
	ProjectSection(SolutionItems) = preProject
		interfaces\mdl-service-response-rec.ts = interfaces\mdl-service-response-rec.ts
	EndProjectSection
EndProject
Project("{54A90642-561A-4BB1-A94E-469ADEE60C69}") = "gcs-program-list", "projects\gcs-program-list\gcs-program-list.esproj", "{A17B7061-0C1F-4A05-85AC-BD501977A581}"
EndProject
Project("{2150E333-8FDC-42A3-9474-1A3956D46DE8}") = "modules", "modules", "{74758A65-3D83-47F2-8802-97534ADDDEF4}"
	ProjectSection(SolutionItems) = preProject
		modules\material-module.ts = modules\material-module.ts
	EndProjectSection
EndProject
Project("{54A90642-561A-4BB1-A94E-469ADEE60C69}") = "gcs-code-management", "projects\gcs-code-management\gcs-code-management.esproj", "{01064602-8224-4705-BC4A-A98986FEBD1C}"
EndProject
Project("{54A90642-561A-4BB1-A94E-469ADEE60C69}") = "gcs-term-dates", "projects\gcs-term-dates\gcs-term-dates.esproj", "{A7F06831-9454-41C2-9F24-766055C6E3FB}"
EndProject
Project("{54A90642-561A-4BB1-A94E-469ADEE60C69}") = "gcs-courses", "projects\gcs-courses\gcs-courses.esproj", "{3D6911CC-6735-4BC6-AE5C-AD2BDEA76064}"
EndProject
Project("{54A90642-561A-4BB1-A94E-469ADEE60C69}") = "gcs-classes", "projects\gcs-classes\gcs-classes.esproj", "{EC91F3DD-1DC6-4AE6-87BA-EED52BF2C65F}"
EndProject
Project("{54A90642-561A-4BB1-A94E-469ADEE60C69}") = "gcs-student", "projects\gcs-student\gcs-student.esproj", "{94DABA26-DDCD-4D93-ADCB-0D4721E46998}"
EndProject
Project("{2150E333-8FDC-42A3-9474-1A3956D46DE8}") = "html", "html", "{9B196B44-D788-4923-B57E-095C4F68AA78}"
	ProjectSection(SolutionItems) = preProject
		html\standard-table-list.html = html\standard-table-list.html
	EndProjectSection
EndProject
Project("{54A90642-561A-4BB1-A94E-469ADEE60C69}") = "gcs-program-req", "projects\gcs-program-req\gcs-program-req.esproj", "{C98ADD86-2F9B-4F0B-B852-F46CBDF75635}"
EndProject
Project("{54A90642-561A-4BB1-A94E-469ADEE60C69}") = "gcs-permitted-courses", "projects\gcs-permitted-courses\gcs-permitted-courses.esproj", "{205CCB85-B69A-48D1-AF1B-ACDCF4013EEA}"
EndProject
Project("{54A90642-561A-4BB1-A94E-469ADEE60C69}") = "gcs-classes-taken", "projects\gcs-classes-taken\gcs-classes-taken.esproj", "{86E5CAE0-1DEB-48DA-BBA1-79FE6F9216B3}"
EndProject
Project("{54A90642-561A-4BB1-A94E-469ADEE60C69}") = "gcs-sch-given", "projects\gcs-sch-given\gcs-sch-given.esproj", "{9E590732-DC95-413E-B67F-02ECA6263E89}"
EndProject
Project("{54A90642-561A-4BB1-A94E-469ADEE60C69}") = "gcs-sch-available", "projects\gcs-sch-available\gcs-sch-available.esproj", "{375E8ADE-CD39-4AF8-AF96-FFFB01B872E9}"
EndProject
Project("{54A90642-561A-4BB1-A94E-469ADEE60C69}") = "gcs-enroll-agreements", "projects\gcs-enroll-agreements\gcs-enroll-agreements.esproj", "{CA2974DD-7C22-404E-9C14-AA528B9A512F}"
EndProject
Project("{54A90642-561A-4BB1-A94E-469ADEE60C69}") = "gcs-sch-application", "projects\gcs-sch-application\gcs-sch-application.esproj", "{009EA45D-EDCF-42C2-B335-44F34218EC06}"
EndProject
Project("{54A90642-561A-4BB1-A94E-469ADEE60C69}") = "gcs-enroll-agreements-signing", "projects\gcs-enroll-agreements-signing\gcs-enroll-agreements-signing.esproj", "{1DC3D740-3D10-4108-9224-26D77D297189}"
EndProject
Project("{54A90642-561A-4BB1-A94E-469ADEE60C69}") = "gcs-programs-completed", "projects\gcs-programs-completed\gcs-programs-completed.esproj", "{1EC9FC54-2311-4878-A8BF-BACCDF1BD353}"
EndProject
Project("{54A90642-561A-4BB1-A94E-469ADEE60C69}") = "gcs-shared-lib", "projects\gcs-shared-lib\gcs-shared-lib.esproj", "{89E80074-24E7-46D4-A823-78D2983FD929}"
EndProject
Global
	GlobalSection(SolutionConfigurationPlatforms) = preSolution
		Debug|Any CPU = Debug|Any CPU
		Moodle|Any CPU = Moodle|Any CPU
		Release|Any CPU = Release|Any CPU
		Test|Any CPU = Test|Any CPU
	EndGlobalSection
	GlobalSection(ProjectConfigurationPlatforms) = postSolution
		{A17B7061-0C1F-4A05-85AC-BD501977A581}.Debug|Any CPU.ActiveCfg = Debug|Any CPU
		{A17B7061-0C1F-4A05-85AC-BD501977A581}.Debug|Any CPU.Build.0 = Debug|Any CPU
		{A17B7061-0C1F-4A05-85AC-BD501977A581}.Moodle|Any CPU.ActiveCfg = Moodle|Any CPU
		{A17B7061-0C1F-4A05-85AC-BD501977A581}.Moodle|Any CPU.Build.0 = Moodle|Any CPU
		{A17B7061-0C1F-4A05-85AC-BD501977A581}.Moodle|Any CPU.Deploy.0 = Moodle|Any CPU
		{A17B7061-0C1F-4A05-85AC-BD501977A581}.Release|Any CPU.ActiveCfg = Release|Any CPU
		{A17B7061-0C1F-4A05-85AC-BD501977A581}.Release|Any CPU.Build.0 = Release|Any CPU
		{A17B7061-0C1F-4A05-85AC-BD501977A581}.Release|Any CPU.Deploy.0 = Release|Any CPU
		{A17B7061-0C1F-4A05-85AC-BD501977A581}.Test|Any CPU.ActiveCfg = Release|Any CPU
		{A17B7061-0C1F-4A05-85AC-BD501977A581}.Test|Any CPU.Build.0 = Release|Any CPU
		{A17B7061-0C1F-4A05-85AC-BD501977A581}.Test|Any CPU.Deploy.0 = Release|Any CPU
		{01064602-8224-4705-BC4A-A98986FEBD1C}.Debug|Any CPU.ActiveCfg = Debug|Any CPU
		{01064602-8224-4705-BC4A-A98986FEBD1C}.Debug|Any CPU.Build.0 = Debug|Any CPU
		{01064602-8224-4705-BC4A-A98986FEBD1C}.Moodle|Any CPU.ActiveCfg = Moodle|Any CPU
		{01064602-8224-4705-BC4A-A98986FEBD1C}.Moodle|Any CPU.Build.0 = Moodle|Any CPU
		{01064602-8224-4705-BC4A-A98986FEBD1C}.Moodle|Any CPU.Deploy.0 = Moodle|Any CPU
		{01064602-8224-4705-BC4A-A98986FEBD1C}.Release|Any CPU.ActiveCfg = Release|Any CPU
		{01064602-8224-4705-BC4A-A98986FEBD1C}.Release|Any CPU.Build.0 = Release|Any CPU
		{01064602-8224-4705-BC4A-A98986FEBD1C}.Release|Any CPU.Deploy.0 = Release|Any CPU
		{01064602-8224-4705-BC4A-A98986FEBD1C}.Test|Any CPU.ActiveCfg = Release|Any CPU
		{01064602-8224-4705-BC4A-A98986FEBD1C}.Test|Any CPU.Build.0 = Release|Any CPU
		{01064602-8224-4705-BC4A-A98986FEBD1C}.Test|Any CPU.Deploy.0 = Release|Any CPU
		{A7F06831-9454-41C2-9F24-766055C6E3FB}.Debug|Any CPU.ActiveCfg = Debug|Any CPU
		{A7F06831-9454-41C2-9F24-766055C6E3FB}.Debug|Any CPU.Build.0 = Debug|Any CPU
		{A7F06831-9454-41C2-9F24-766055C6E3FB}.Moodle|Any CPU.ActiveCfg = Release|Any CPU
		{A7F06831-9454-41C2-9F24-766055C6E3FB}.Moodle|Any CPU.Build.0 = Release|Any CPU
		{A7F06831-9454-41C2-9F24-766055C6E3FB}.Moodle|Any CPU.Deploy.0 = Release|Any CPU
		{A7F06831-9454-41C2-9F24-766055C6E3FB}.Release|Any CPU.ActiveCfg = Release|Any CPU
		{A7F06831-9454-41C2-9F24-766055C6E3FB}.Release|Any CPU.Build.0 = Release|Any CPU
		{A7F06831-9454-41C2-9F24-766055C6E3FB}.Release|Any CPU.Deploy.0 = Release|Any CPU
		{A7F06831-9454-41C2-9F24-766055C6E3FB}.Test|Any CPU.ActiveCfg = Release|Any CPU
		{A7F06831-9454-41C2-9F24-766055C6E3FB}.Test|Any CPU.Build.0 = Release|Any CPU
		{A7F06831-9454-41C2-9F24-766055C6E3FB}.Test|Any CPU.Deploy.0 = Release|Any CPU
		{3D6911CC-6735-4BC6-AE5C-AD2BDEA76064}.Debug|Any CPU.ActiveCfg = Debug|Any CPU
		{3D6911CC-6735-4BC6-AE5C-AD2BDEA76064}.Debug|Any CPU.Build.0 = Debug|Any CPU
		{3D6911CC-6735-4BC6-AE5C-AD2BDEA76064}.Moodle|Any CPU.ActiveCfg = Release|Any CPU
		{3D6911CC-6735-4BC6-AE5C-AD2BDEA76064}.Moodle|Any CPU.Build.0 = Release|Any CPU
		{3D6911CC-6735-4BC6-AE5C-AD2BDEA76064}.Moodle|Any CPU.Deploy.0 = Release|Any CPU
		{3D6911CC-6735-4BC6-AE5C-AD2BDEA76064}.Release|Any CPU.ActiveCfg = Release|Any CPU
		{3D6911CC-6735-4BC6-AE5C-AD2BDEA76064}.Release|Any CPU.Build.0 = Release|Any CPU
		{3D6911CC-6735-4BC6-AE5C-AD2BDEA76064}.Release|Any CPU.Deploy.0 = Release|Any CPU
		{3D6911CC-6735-4BC6-AE5C-AD2BDEA76064}.Test|Any CPU.ActiveCfg = Release|Any CPU
		{3D6911CC-6735-4BC6-AE5C-AD2BDEA76064}.Test|Any CPU.Build.0 = Release|Any CPU
		{3D6911CC-6735-4BC6-AE5C-AD2BDEA76064}.Test|Any CPU.Deploy.0 = Release|Any CPU
		{EC91F3DD-1DC6-4AE6-87BA-EED52BF2C65F}.Debug|Any CPU.ActiveCfg = Debug|Any CPU
		{EC91F3DD-1DC6-4AE6-87BA-EED52BF2C65F}.Debug|Any CPU.Build.0 = Debug|Any CPU
		{EC91F3DD-1DC6-4AE6-87BA-EED52BF2C65F}.Moodle|Any CPU.ActiveCfg = Release|Any CPU
		{EC91F3DD-1DC6-4AE6-87BA-EED52BF2C65F}.Moodle|Any CPU.Build.0 = Release|Any CPU
		{EC91F3DD-1DC6-4AE6-87BA-EED52BF2C65F}.Moodle|Any CPU.Deploy.0 = Release|Any CPU
		{EC91F3DD-1DC6-4AE6-87BA-EED52BF2C65F}.Release|Any CPU.ActiveCfg = Release|Any CPU
		{EC91F3DD-1DC6-4AE6-87BA-EED52BF2C65F}.Release|Any CPU.Build.0 = Release|Any CPU
		{EC91F3DD-1DC6-4AE6-87BA-EED52BF2C65F}.Release|Any CPU.Deploy.0 = Release|Any CPU
		{EC91F3DD-1DC6-4AE6-87BA-EED52BF2C65F}.Test|Any CPU.ActiveCfg = Release|Any CPU
		{EC91F3DD-1DC6-4AE6-87BA-EED52BF2C65F}.Test|Any CPU.Build.0 = Release|Any CPU
		{EC91F3DD-1DC6-4AE6-87BA-EED52BF2C65F}.Test|Any CPU.Deploy.0 = Release|Any CPU
		{94DABA26-DDCD-4D93-ADCB-0D4721E46998}.Debug|Any CPU.ActiveCfg = Debug|Any CPU
		{94DABA26-DDCD-4D93-ADCB-0D4721E46998}.Debug|Any CPU.Build.0 = Debug|Any CPU
		{94DABA26-DDCD-4D93-ADCB-0D4721E46998}.Moodle|Any CPU.ActiveCfg = Release|Any CPU
		{94DABA26-DDCD-4D93-ADCB-0D4721E46998}.Moodle|Any CPU.Build.0 = Release|Any CPU
		{94DABA26-DDCD-4D93-ADCB-0D4721E46998}.Moodle|Any CPU.Deploy.0 = Release|Any CPU
		{94DABA26-DDCD-4D93-ADCB-0D4721E46998}.Release|Any CPU.ActiveCfg = Release|Any CPU
		{94DABA26-DDCD-4D93-ADCB-0D4721E46998}.Release|Any CPU.Build.0 = Release|Any CPU
		{94DABA26-DDCD-4D93-ADCB-0D4721E46998}.Release|Any CPU.Deploy.0 = Release|Any CPU
		{94DABA26-DDCD-4D93-ADCB-0D4721E46998}.Test|Any CPU.ActiveCfg = Release|Any CPU
		{94DABA26-DDCD-4D93-ADCB-0D4721E46998}.Test|Any CPU.Build.0 = Release|Any CPU
		{94DABA26-DDCD-4D93-ADCB-0D4721E46998}.Test|Any CPU.Deploy.0 = Release|Any CPU
		{C98ADD86-2F9B-4F0B-B852-F46CBDF75635}.Debug|Any CPU.ActiveCfg = Debug|Any CPU
		{C98ADD86-2F9B-4F0B-B852-F46CBDF75635}.Debug|Any CPU.Build.0 = Debug|Any CPU
		{C98ADD86-2F9B-4F0B-B852-F46CBDF75635}.Moodle|Any CPU.ActiveCfg = Release|Any CPU
		{C98ADD86-2F9B-4F0B-B852-F46CBDF75635}.Moodle|Any CPU.Build.0 = Release|Any CPU
		{C98ADD86-2F9B-4F0B-B852-F46CBDF75635}.Moodle|Any CPU.Deploy.0 = Release|Any CPU
		{C98ADD86-2F9B-4F0B-B852-F46CBDF75635}.Release|Any CPU.ActiveCfg = Release|Any CPU
		{C98ADD86-2F9B-4F0B-B852-F46CBDF75635}.Release|Any CPU.Build.0 = Release|Any CPU
		{C98ADD86-2F9B-4F0B-B852-F46CBDF75635}.Release|Any CPU.Deploy.0 = Release|Any CPU
		{C98ADD86-2F9B-4F0B-B852-F46CBDF75635}.Test|Any CPU.ActiveCfg = Release|Any CPU
		{C98ADD86-2F9B-4F0B-B852-F46CBDF75635}.Test|Any CPU.Build.0 = Release|Any CPU
		{C98ADD86-2F9B-4F0B-B852-F46CBDF75635}.Test|Any CPU.Deploy.0 = Release|Any CPU
		{205CCB85-B69A-48D1-AF1B-ACDCF4013EEA}.Debug|Any CPU.ActiveCfg = Debug|Any CPU
		{205CCB85-B69A-48D1-AF1B-ACDCF4013EEA}.Debug|Any CPU.Build.0 = Debug|Any CPU
		{205CCB85-B69A-48D1-AF1B-ACDCF4013EEA}.Moodle|Any CPU.ActiveCfg = Release|Any CPU
		{205CCB85-B69A-48D1-AF1B-ACDCF4013EEA}.Moodle|Any CPU.Build.0 = Release|Any CPU
		{205CCB85-B69A-48D1-AF1B-ACDCF4013EEA}.Moodle|Any CPU.Deploy.0 = Release|Any CPU
		{205CCB85-B69A-48D1-AF1B-ACDCF4013EEA}.Release|Any CPU.ActiveCfg = Release|Any CPU
		{205CCB85-B69A-48D1-AF1B-ACDCF4013EEA}.Release|Any CPU.Build.0 = Release|Any CPU
		{205CCB85-B69A-48D1-AF1B-ACDCF4013EEA}.Release|Any CPU.Deploy.0 = Release|Any CPU
		{205CCB85-B69A-48D1-AF1B-ACDCF4013EEA}.Test|Any CPU.ActiveCfg = Release|Any CPU
		{205CCB85-B69A-48D1-AF1B-ACDCF4013EEA}.Test|Any CPU.Build.0 = Release|Any CPU
		{205CCB85-B69A-48D1-AF1B-ACDCF4013EEA}.Test|Any CPU.Deploy.0 = Release|Any CPU
		{86E5CAE0-1DEB-48DA-BBA1-79FE6F9216B3}.Debug|Any CPU.ActiveCfg = Debug|Any CPU
		{86E5CAE0-1DEB-48DA-BBA1-79FE6F9216B3}.Debug|Any CPU.Build.0 = Debug|Any CPU
		{86E5CAE0-1DEB-48DA-BBA1-79FE6F9216B3}.Moodle|Any CPU.ActiveCfg = Release|Any CPU
		{86E5CAE0-1DEB-48DA-BBA1-79FE6F9216B3}.Moodle|Any CPU.Build.0 = Release|Any CPU
		{86E5CAE0-1DEB-48DA-BBA1-79FE6F9216B3}.Moodle|Any CPU.Deploy.0 = Release|Any CPU
		{86E5CAE0-1DEB-48DA-BBA1-79FE6F9216B3}.Release|Any CPU.ActiveCfg = Release|Any CPU
		{86E5CAE0-1DEB-48DA-BBA1-79FE6F9216B3}.Release|Any CPU.Build.0 = Release|Any CPU
		{86E5CAE0-1DEB-48DA-BBA1-79FE6F9216B3}.Release|Any CPU.Deploy.0 = Release|Any CPU
		{86E5CAE0-1DEB-48DA-BBA1-79FE6F9216B3}.Test|Any CPU.ActiveCfg = Release|Any CPU
		{86E5CAE0-1DEB-48DA-BBA1-79FE6F9216B3}.Test|Any CPU.Build.0 = Release|Any CPU
		{86E5CAE0-1DEB-48DA-BBA1-79FE6F9216B3}.Test|Any CPU.Deploy.0 = Release|Any CPU
		{9E590732-DC95-413E-B67F-02ECA6263E89}.Debug|Any CPU.ActiveCfg = Debug|Any CPU
		{9E590732-DC95-413E-B67F-02ECA6263E89}.Debug|Any CPU.Build.0 = Debug|Any CPU
		{9E590732-DC95-413E-B67F-02ECA6263E89}.Moodle|Any CPU.ActiveCfg = Release|Any CPU
		{9E590732-DC95-413E-B67F-02ECA6263E89}.Moodle|Any CPU.Build.0 = Release|Any CPU
		{9E590732-DC95-413E-B67F-02ECA6263E89}.Moodle|Any CPU.Deploy.0 = Release|Any CPU
		{9E590732-DC95-413E-B67F-02ECA6263E89}.Release|Any CPU.ActiveCfg = Release|Any CPU
		{9E590732-DC95-413E-B67F-02ECA6263E89}.Release|Any CPU.Build.0 = Release|Any CPU
		{9E590732-DC95-413E-B67F-02ECA6263E89}.Release|Any CPU.Deploy.0 = Release|Any CPU
		{9E590732-DC95-413E-B67F-02ECA6263E89}.Test|Any CPU.ActiveCfg = Release|Any CPU
		{9E590732-DC95-413E-B67F-02ECA6263E89}.Test|Any CPU.Build.0 = Release|Any CPU
		{9E590732-DC95-413E-B67F-02ECA6263E89}.Test|Any CPU.Deploy.0 = Release|Any CPU
		{375E8ADE-CD39-4AF8-AF96-FFFB01B872E9}.Debug|Any CPU.ActiveCfg = Debug|Any CPU
		{375E8ADE-CD39-4AF8-AF96-FFFB01B872E9}.Debug|Any CPU.Build.0 = Debug|Any CPU
		{375E8ADE-CD39-4AF8-AF96-FFFB01B872E9}.Moodle|Any CPU.ActiveCfg = Release|Any CPU
		{375E8ADE-CD39-4AF8-AF96-FFFB01B872E9}.Moodle|Any CPU.Build.0 = Release|Any CPU
		{375E8ADE-CD39-4AF8-AF96-FFFB01B872E9}.Moodle|Any CPU.Deploy.0 = Release|Any CPU
		{375E8ADE-CD39-4AF8-AF96-FFFB01B872E9}.Release|Any CPU.ActiveCfg = Release|Any CPU
		{375E8ADE-CD39-4AF8-AF96-FFFB01B872E9}.Release|Any CPU.Build.0 = Release|Any CPU
		{375E8ADE-CD39-4AF8-AF96-FFFB01B872E9}.Release|Any CPU.Deploy.0 = Release|Any CPU
		{375E8ADE-CD39-4AF8-AF96-FFFB01B872E9}.Test|Any CPU.ActiveCfg = Release|Any CPU
		{375E8ADE-CD39-4AF8-AF96-FFFB01B872E9}.Test|Any CPU.Build.0 = Release|Any CPU
		{375E8ADE-CD39-4AF8-AF96-FFFB01B872E9}.Test|Any CPU.Deploy.0 = Release|Any CPU
		{CA2974DD-7C22-404E-9C14-AA528B9A512F}.Debug|Any CPU.ActiveCfg = Debug|Any CPU
		{CA2974DD-7C22-404E-9C14-AA528B9A512F}.Debug|Any CPU.Build.0 = Debug|Any CPU
		{CA2974DD-7C22-404E-9C14-AA528B9A512F}.Moodle|Any CPU.ActiveCfg = Release|Any CPU
		{CA2974DD-7C22-404E-9C14-AA528B9A512F}.Moodle|Any CPU.Build.0 = Release|Any CPU
		{CA2974DD-7C22-404E-9C14-AA528B9A512F}.Moodle|Any CPU.Deploy.0 = Release|Any CPU
		{CA2974DD-7C22-404E-9C14-AA528B9A512F}.Release|Any CPU.ActiveCfg = Release|Any CPU
		{CA2974DD-7C22-404E-9C14-AA528B9A512F}.Release|Any CPU.Build.0 = Release|Any CPU
		{CA2974DD-7C22-404E-9C14-AA528B9A512F}.Release|Any CPU.Deploy.0 = Release|Any CPU
		{CA2974DD-7C22-404E-9C14-AA528B9A512F}.Test|Any CPU.ActiveCfg = Release|Any CPU
		{CA2974DD-7C22-404E-9C14-AA528B9A512F}.Test|Any CPU.Build.0 = Release|Any CPU
		{CA2974DD-7C22-404E-9C14-AA528B9A512F}.Test|Any CPU.Deploy.0 = Release|Any CPU
		{009EA45D-EDCF-42C2-B335-44F34218EC06}.Debug|Any CPU.ActiveCfg = Debug|Any CPU
		{009EA45D-EDCF-42C2-B335-44F34218EC06}.Debug|Any CPU.Build.0 = Debug|Any CPU
		{009EA45D-EDCF-42C2-B335-44F34218EC06}.Moodle|Any CPU.ActiveCfg = Release|Any CPU
		{009EA45D-EDCF-42C2-B335-44F34218EC06}.Moodle|Any CPU.Build.0 = Release|Any CPU
		{009EA45D-EDCF-42C2-B335-44F34218EC06}.Moodle|Any CPU.Deploy.0 = Release|Any CPU
		{009EA45D-EDCF-42C2-B335-44F34218EC06}.Release|Any CPU.ActiveCfg = Release|Any CPU
		{009EA45D-EDCF-42C2-B335-44F34218EC06}.Release|Any CPU.Build.0 = Release|Any CPU
		{009EA45D-EDCF-42C2-B335-44F34218EC06}.Release|Any CPU.Deploy.0 = Release|Any CPU
		{009EA45D-EDCF-42C2-B335-44F34218EC06}.Test|Any CPU.ActiveCfg = Release|Any CPU
		{009EA45D-EDCF-42C2-B335-44F34218EC06}.Test|Any CPU.Build.0 = Release|Any CPU
		{009EA45D-EDCF-42C2-B335-44F34218EC06}.Test|Any CPU.Deploy.0 = Release|Any CPU
		{1DC3D740-3D10-4108-9224-26D77D297189}.Debug|Any CPU.ActiveCfg = Debug|Any CPU
		{1DC3D740-3D10-4108-9224-26D77D297189}.Debug|Any CPU.Build.0 = Debug|Any CPU
		{1DC3D740-3D10-4108-9224-26D77D297189}.Moodle|Any CPU.ActiveCfg = Release|Any CPU
		{1DC3D740-3D10-4108-9224-26D77D297189}.Moodle|Any CPU.Build.0 = Release|Any CPU
		{1DC3D740-3D10-4108-9224-26D77D297189}.Moodle|Any CPU.Deploy.0 = Release|Any CPU
		{1DC3D740-3D10-4108-9224-26D77D297189}.Release|Any CPU.ActiveCfg = Release|Any CPU
		{1DC3D740-3D10-4108-9224-26D77D297189}.Release|Any CPU.Build.0 = Release|Any CPU
		{1DC3D740-3D10-4108-9224-26D77D297189}.Release|Any CPU.Deploy.0 = Release|Any CPU
		{1DC3D740-3D10-4108-9224-26D77D297189}.Test|Any CPU.ActiveCfg = Release|Any CPU
		{1DC3D740-3D10-4108-9224-26D77D297189}.Test|Any CPU.Build.0 = Release|Any CPU
		{1DC3D740-3D10-4108-9224-26D77D297189}.Test|Any CPU.Deploy.0 = Release|Any CPU
		{1EC9FC54-2311-4878-A8BF-BACCDF1BD353}.Debug|Any CPU.ActiveCfg = Debug|Any CPU
		{1EC9FC54-2311-4878-A8BF-BACCDF1BD353}.Debug|Any CPU.Build.0 = Debug|Any CPU
		{1EC9FC54-2311-4878-A8BF-BACCDF1BD353}.Moodle|Any CPU.ActiveCfg = Release|Any CPU
		{1EC9FC54-2311-4878-A8BF-BACCDF1BD353}.Moodle|Any CPU.Build.0 = Release|Any CPU
		{1EC9FC54-2311-4878-A8BF-BACCDF1BD353}.Moodle|Any CPU.Deploy.0 = Release|Any CPU
		{1EC9FC54-2311-4878-A8BF-BACCDF1BD353}.Release|Any CPU.ActiveCfg = Release|Any CPU
		{1EC9FC54-2311-4878-A8BF-BACCDF1BD353}.Release|Any CPU.Build.0 = Release|Any CPU
		{1EC9FC54-2311-4878-A8BF-BACCDF1BD353}.Release|Any CPU.Deploy.0 = Release|Any CPU
		{1EC9FC54-2311-4878-A8BF-BACCDF1BD353}.Test|Any CPU.ActiveCfg = Release|Any CPU
		{1EC9FC54-2311-4878-A8BF-BACCDF1BD353}.Test|Any CPU.Build.0 = Release|Any CPU
		{1EC9FC54-2311-4878-A8BF-BACCDF1BD353}.Test|Any CPU.Deploy.0 = Release|Any CPU
		{89E80074-24E7-46D4-A823-78D2983FD929}.Debug|Any CPU.ActiveCfg = Debug|Any CPU
		{89E80074-24E7-46D4-A823-78D2983FD929}.Debug|Any CPU.Build.0 = Debug|Any CPU
		{89E80074-24E7-46D4-A823-78D2983FD929}.Moodle|Any CPU.ActiveCfg = Release|Any CPU
		{89E80074-24E7-46D4-A823-78D2983FD929}.Moodle|Any CPU.Build.0 = Release|Any CPU
		{89E80074-24E7-46D4-A823-78D2983FD929}.Moodle|Any CPU.Deploy.0 = Release|Any CPU
		{89E80074-24E7-46D4-A823-78D2983FD929}.Release|Any CPU.ActiveCfg = Release|Any CPU
		{89E80074-24E7-46D4-A823-78D2983FD929}.Release|Any CPU.Build.0 = Release|Any CPU
		{89E80074-24E7-46D4-A823-78D2983FD929}.Release|Any CPU.Deploy.0 = Release|Any CPU
		{89E80074-24E7-46D4-A823-78D2983FD929}.Test|Any CPU.ActiveCfg = Release|Any CPU
		{89E80074-24E7-46D4-A823-78D2983FD929}.Test|Any CPU.Build.0 = Release|Any CPU
		{89E80074-24E7-46D4-A823-78D2983FD929}.Test|Any CPU.Deploy.0 = Release|Any CPU
	EndGlobalSection
	GlobalSection(SolutionProperties) = preSolution
		HideSolutionNode = FALSE
	EndGlobalSection
	GlobalSection(NestedProjects) = preSolution
		{14F2331A-936F-44F2-8C1A-F5C5C2FE6747} = {01ADF15A-7DF8-4833-AB52-8C61C99816C0}
		{CE997948-0234-47E3-B8BA-5938140BA39A} = {01ADF15A-7DF8-4833-AB52-8C61C99816C0}
		{74758A65-3D83-47F2-8802-97534ADDDEF4} = {01ADF15A-7DF8-4833-AB52-8C61C99816C0}
		{9B196B44-D788-4923-B57E-095C4F68AA78} = {01ADF15A-7DF8-4833-AB52-8C61C99816C0}
	EndGlobalSection
	GlobalSection(ExtensibilityGlobals) = postSolution
		SolutionGuid = {6AE7D847-B52A-4FFB-B743-E31767CC403B}
	EndGlobalSection
EndGlobal
